
Microsoft Visual Studio Solution File, Format Version 12.00
# Visual Studio Version 17
VisualStudioVersion = 17.2.32505.173
MinimumVisualStudioVersion = 10.0.40219.1
Project("{8BC9CEB8-8B4A-11D0-8D11-00A0C91BC942}") = "RNG", "RNG.vcxproj", "{ED71F816-73B2-47B4-B0C3-99F8978BCF52}"
EndProject
Global
	GlobalSection(SolutionConfigurationPlatforms) = preSolution
		Debug|x64 = Debug|x64
		Debug|x86 = Debug|x86
		Release|x64 = Release|x64
		Release|x86 = Release|x86
	EndGlobalSection
	GlobalSection(ProjectConfigurationPlatforms) = postSolution
		{ED71F816-73B2-47B4-B0C3-99F8978BCF52}.Debug|x64.ActiveCfg = Debug|x64
		{ED71F816-73B2-47B4-B0C3-99F8978BCF52}.Debug|x64.Build.0 = Debug|x64
		{ED71F816-73B2-47B4-B0C3-99F8978BCF52}.Debug|x86.ActiveCfg = Debug|Win32
		{ED71F816-73B2-47B4-B0C3-99F8978BCF52}.Debug|x86.Build.0 = Debug|Win32
		{ED71F816-73B2-47B4-B0C3-99F8978BCF52}.Release|x64.ActiveCfg = Release|x64
		{ED71F816-73B2-47B4-B0C3-99F8978BCF52}.Release|x64.Build.0 = Release|x64
		{ED71F816-73B2-47B4-B0C3-99F8978BCF52}.Release|x86.ActiveCfg = Release|Win32
		{ED71F816-73B2-47B4-B0C3-99F8978BCF52}.Release|x86.Build.0 = Release|Win32
	EndGlobalSection
	GlobalSection(SolutionProperties) = preSolution
		HideSolutionNode = FALSE
	EndGlobalSection
	GlobalSection(ExtensibilityGlobals) = postSolution
		SolutionGuid = {50E1B306-0EEF-4B19-9BBA-BE75E8D8B90B}
	EndGlobalSection
EndGlobal
